// !$*UTF8*$!
{
	archiveVersion = 1;
	classes = {
	};
	objectVersion = 50;
	objects = {

/* Begin PBXBuildFile section */
		0345DBFA248F8C2300AEDAFE /* RootViewControllerTests.swift in Sources */ = {isa = PBXBuildFile; fileRef = 0345DBF9248F8C2300AEDAFE /* RootViewControllerTests.swift */; };
		03481492248BB27A00825A08 /* OnboardingBuilder.swift in Sources */ = {isa = PBXBuildFile; fileRef = 03481491248BB27A00825A08 /* OnboardingBuilder.swift */; };
		03481494248BB2D500825A08 /* Builder.swift in Sources */ = {isa = PBXBuildFile; fileRef = 03481493248BB2D500825A08 /* Builder.swift */; };
		03481496248BB2DA00825A08 /* Dependency.swift in Sources */ = {isa = PBXBuildFile; fileRef = 03481495248BB2DA00825A08 /* Dependency.swift */; };
		03481498248BB2E100825A08 /* DependencyProvider.swift in Sources */ = {isa = PBXBuildFile; fileRef = 03481497248BB2E100825A08 /* DependencyProvider.swift */; };
		0348149B248BB4A100825A08 /* OnboardingViewController.swift in Sources */ = {isa = PBXBuildFile; fileRef = 0348149A248BB4A100825A08 /* OnboardingViewController.swift */; };
		0348149D248BB4C500825A08 /* OnboardingStepBuilder.swift in Sources */ = {isa = PBXBuildFile; fileRef = 0348149C248BB4C500825A08 /* OnboardingStepBuilder.swift */; };
		0348149F248BB4F200825A08 /* ViewControllable.swift in Sources */ = {isa = PBXBuildFile; fileRef = 0348149E248BB4F200825A08 /* ViewControllable.swift */; };
		034814A1248BB91B00825A08 /* MainBuilder.swift in Sources */ = {isa = PBXBuildFile; fileRef = 034814A0248BB91B00825A08 /* MainBuilder.swift */; };
		034814A3248BB92100825A08 /* MainViewController.swift in Sources */ = {isa = PBXBuildFile; fileRef = 034814A2248BB92100825A08 /* MainViewController.swift */; };
		034814A5248BBBD200825A08 /* RootRouter.swift in Sources */ = {isa = PBXBuildFile; fileRef = 034814A4248BBBD200825A08 /* RootRouter.swift */; };
		034814A9248BBE7A00825A08 /* Router.swift in Sources */ = {isa = PBXBuildFile; fileRef = 034814A8248BBE7A00825A08 /* Router.swift */; };
		034814AB248BBF9A00825A08 /* Mocks.swift in Sources */ = {isa = PBXBuildFile; fileRef = 034814AA248BBF9A00825A08 /* Mocks.swift */; };
		034814B1248D190100825A08 /* RootRouterTests.swift in Sources */ = {isa = PBXBuildFile; fileRef = 034814B0248D190100825A08 /* RootRouterTests.swift */; };
		036B8B60248AB1230056F4D2 /* RootBuilder.swift in Sources */ = {isa = PBXBuildFile; fileRef = 036B8B5F248AB1230056F4D2 /* RootBuilder.swift */; };
		036B8B62248AB19E0056F4D2 /* RootViewController.swift in Sources */ = {isa = PBXBuildFile; fileRef = 036B8B61248AB19E0056F4D2 /* RootViewController.swift */; };
		036B8B66248AB5300056F4D2 /* View.swift in Sources */ = {isa = PBXBuildFile; fileRef = 036B8B65248AB5300056F4D2 /* View.swift */; };
		036B8B68248AB6430056F4D2 /* SceneDelegate.swift in Sources */ = {isa = PBXBuildFile; fileRef = 036B8B67248AB6430056F4D2 /* SceneDelegate.swift */; };
		036B8BA0248BADAA0056F4D2 /* ViewController.swift in Sources */ = {isa = PBXBuildFile; fileRef = 036B8B9F248BADAA0056F4D2 /* ViewController.swift */; };
		03C4A47B248E601B0005A522 /* OnboardingRouter.swift in Sources */ = {isa = PBXBuildFile; fileRef = 03C4A47A248E601B0005A522 /* OnboardingRouter.swift */; };
		03C4A47F248E62570005A522 /* OnboardingConsentViewController.swift in Sources */ = {isa = PBXBuildFile; fileRef = 03C4A47D248E62570005A522 /* OnboardingConsentViewController.swift */; };
		03C4A480248E62570005A522 /* OnboardingConsentBuilder.swift in Sources */ = {isa = PBXBuildFile; fileRef = 03C4A47E248E62570005A522 /* OnboardingConsentBuilder.swift */; };
		74D95D9D248638C100836229 /* AppDelegate.swift in Sources */ = {isa = PBXBuildFile; fileRef = 74D95D9C248638C100836229 /* AppDelegate.swift */; };
		74D95DA6248638C500836229 /* Assets.xcassets in Resources */ = {isa = PBXBuildFile; fileRef = 74D95DA5248638C500836229 /* Assets.xcassets */; };
		74D95DA9248638C500836229 /* LaunchScreen.storyboard in Resources */ = {isa = PBXBuildFile; fileRef = 74D95DA7248638C500836229 /* LaunchScreen.storyboard */; };
		74D95DBA2486505A00836229 /* README.md in Resources */ = {isa = PBXBuildFile; fileRef = 74D95DB92486505A00836229 /* README.md */; };
		74D95DBD248650EF00836229 /* Colors.xcassets in Resources */ = {isa = PBXBuildFile; fileRef = 74D95DBC248650EF00836229 /* Colors.xcassets */; };
		74D95DBF2486519B00836229 /* UIColor+Theme.swift in Sources */ = {isa = PBXBuildFile; fileRef = 74D95DBE2486519B00836229 /* UIColor+Theme.swift */; };
		74D95DC12486577A00836229 /* OnboardingStepViewController.swift in Sources */ = {isa = PBXBuildFile; fileRef = 74D95DC02486577900836229 /* OnboardingStepViewController.swift */; };
		74D95DC324865A0E00836229 /* Button.swift in Sources */ = {isa = PBXBuildFile; fileRef = 74D95DC224865A0E00836229 /* Button.swift */; };
		74D95DC524865AB000836229 /* Haptic.swift in Sources */ = {isa = PBXBuildFile; fileRef = 74D95DC424865AB000836229 /* Haptic.swift */; };
		74D95DC724865B9900836229 /* OnboardingStep.swift in Sources */ = {isa = PBXBuildFile; fileRef = 74D95DC624865B9900836229 /* OnboardingStep.swift */; };
		74D95DC924865DCC00836229 /* UIViewController+UINavigationController.swift in Sources */ = {isa = PBXBuildFile; fileRef = 74D95DC824865DCC00836229 /* UIViewController+UINavigationController.swift */; };
		74D95DCD248660C700836229 /* NSLocalizedString+Localized.swift in Sources */ = {isa = PBXBuildFile; fileRef = 74D95DCC248660C700836229 /* NSLocalizedString+Localized.swift */; };
		74D95DCF2486618C00836229 /* NavigationController.swift in Sources */ = {isa = PBXBuildFile; fileRef = 74D95DCE2486618C00836229 /* NavigationController.swift */; };
		74D95DD1248668D300836229 /* Localizable.strings in Resources */ = {isa = PBXBuildFile; fileRef = 74D95DD3248668D300836229 /* Localizable.strings */; };
		74D95DD624866B9900836229 /* OnboardingManager.swift in Sources */ = {isa = PBXBuildFile; fileRef = 74D95DD524866B9900836229 /* OnboardingManager.swift */; };
		74D95DE52487E7B300836229 /* OnboardingManager.swift in Sources */ = {isa = PBXBuildFile; fileRef = 74D95DD524866B9900836229 /* OnboardingManager.swift */; };
		74D95DE62487E7B700836229 /* Localizable.strings in Resources */ = {isa = PBXBuildFile; fileRef = 74D95DD3248668D300836229 /* Localizable.strings */; };
		74D95DE72487E7E500836229 /* NSLocalizedString+Localized.swift in Sources */ = {isa = PBXBuildFile; fileRef = 74D95DCC248660C700836229 /* NSLocalizedString+Localized.swift */; };
		74D95DE82487E90D00836229 /* OnboardingStep.swift in Sources */ = {isa = PBXBuildFile; fileRef = 74D95DC624865B9900836229 /* OnboardingStep.swift */; };
		74D95DE92487E9DA00836229 /* UIColor+Theme.swift in Sources */ = {isa = PBXBuildFile; fileRef = 74D95DBE2486519B00836229 /* UIColor+Theme.swift */; };
		D274221B248EBBBF006AB4E0 /* appcenter-post-clone.sh in Resources */ = {isa = PBXBuildFile; fileRef = D274221A248EBBBF006AB4E0 /* appcenter-post-clone.sh */; };
/* End PBXBuildFile section */

/* Begin PBXContainerItemProxy section */
		74D95DE02487C56100836229 /* PBXContainerItemProxy */ = {
			isa = PBXContainerItemProxy;
			containerPortal = 74D95D91248638C100836229 /* Project object */;
			proxyType = 1;
			remoteGlobalIDString = 74D95D98248638C100836229;
			remoteInfo = EN;
		};
/* End PBXContainerItemProxy section */

/* Begin PBXFileReference section */
		0345DBF9248F8C2300AEDAFE /* RootViewControllerTests.swift */ = {isa = PBXFileReference; lastKnownFileType = sourcecode.swift; path = RootViewControllerTests.swift; sourceTree = "<group>"; };
		03481491248BB27A00825A08 /* OnboardingBuilder.swift */ = {isa = PBXFileReference; lastKnownFileType = sourcecode.swift; path = OnboardingBuilder.swift; sourceTree = "<group>"; };
		03481493248BB2D500825A08 /* Builder.swift */ = {isa = PBXFileReference; lastKnownFileType = sourcecode.swift; path = Builder.swift; sourceTree = "<group>"; };
		03481495248BB2DA00825A08 /* Dependency.swift */ = {isa = PBXFileReference; lastKnownFileType = sourcecode.swift; path = Dependency.swift; sourceTree = "<group>"; };
		03481497248BB2E100825A08 /* DependencyProvider.swift */ = {isa = PBXFileReference; lastKnownFileType = sourcecode.swift; path = DependencyProvider.swift; sourceTree = "<group>"; };
		0348149A248BB4A100825A08 /* OnboardingViewController.swift */ = {isa = PBXFileReference; lastKnownFileType = sourcecode.swift; path = OnboardingViewController.swift; sourceTree = "<group>"; };
		0348149C248BB4C500825A08 /* OnboardingStepBuilder.swift */ = {isa = PBXFileReference; lastKnownFileType = sourcecode.swift; path = OnboardingStepBuilder.swift; sourceTree = "<group>"; };
		0348149E248BB4F200825A08 /* ViewControllable.swift */ = {isa = PBXFileReference; lastKnownFileType = sourcecode.swift; path = ViewControllable.swift; sourceTree = "<group>"; };
		034814A0248BB91B00825A08 /* MainBuilder.swift */ = {isa = PBXFileReference; lastKnownFileType = sourcecode.swift; path = MainBuilder.swift; sourceTree = "<group>"; };
		034814A2248BB92100825A08 /* MainViewController.swift */ = {isa = PBXFileReference; lastKnownFileType = sourcecode.swift; path = MainViewController.swift; sourceTree = "<group>"; };
		034814A4248BBBD200825A08 /* RootRouter.swift */ = {isa = PBXFileReference; lastKnownFileType = sourcecode.swift; path = RootRouter.swift; sourceTree = "<group>"; };
		034814A8248BBE7A00825A08 /* Router.swift */ = {isa = PBXFileReference; lastKnownFileType = sourcecode.swift; path = Router.swift; sourceTree = "<group>"; };
		034814AA248BBF9A00825A08 /* Mocks.swift */ = {isa = PBXFileReference; fileEncoding = 4; lastKnownFileType = sourcecode.swift; path = Mocks.swift; sourceTree = "<group>"; };
		034814AD248BC84200825A08 /* ARCHITECTURE.md */ = {isa = PBXFileReference; lastKnownFileType = net.daringfireball.markdown; path = ARCHITECTURE.md; sourceTree = "<group>"; };
		034814B0248D190100825A08 /* RootRouterTests.swift */ = {isa = PBXFileReference; fileEncoding = 4; lastKnownFileType = sourcecode.swift; path = RootRouterTests.swift; sourceTree = "<group>"; };
		036B8B5F248AB1230056F4D2 /* RootBuilder.swift */ = {isa = PBXFileReference; lastKnownFileType = sourcecode.swift; name = RootBuilder.swift; path = ../../RootBuilder.swift; sourceTree = "<group>"; };
		036B8B61248AB19E0056F4D2 /* RootViewController.swift */ = {isa = PBXFileReference; lastKnownFileType = sourcecode.swift; name = RootViewController.swift; path = ../../RootViewController.swift; sourceTree = "<group>"; };
		036B8B65248AB5300056F4D2 /* View.swift */ = {isa = PBXFileReference; lastKnownFileType = sourcecode.swift; path = View.swift; sourceTree = "<group>"; };
		036B8B67248AB6430056F4D2 /* SceneDelegate.swift */ = {isa = PBXFileReference; lastKnownFileType = sourcecode.swift; path = SceneDelegate.swift; sourceTree = "<group>"; };
		036B8B9F248BADAA0056F4D2 /* ViewController.swift */ = {isa = PBXFileReference; lastKnownFileType = sourcecode.swift; path = ViewController.swift; sourceTree = "<group>"; };
		03C4A47A248E601B0005A522 /* OnboardingRouter.swift */ = {isa = PBXFileReference; lastKnownFileType = sourcecode.swift; path = OnboardingRouter.swift; sourceTree = "<group>"; };
		03C4A47D248E62570005A522 /* OnboardingConsentViewController.swift */ = {isa = PBXFileReference; lastKnownFileType = sourcecode.swift; path = OnboardingConsentViewController.swift; sourceTree = "<group>"; };
		03C4A47E248E62570005A522 /* OnboardingConsentBuilder.swift */ = {isa = PBXFileReference; lastKnownFileType = sourcecode.swift; path = OnboardingConsentBuilder.swift; sourceTree = "<group>"; };
		74D95D99248638C100836229 /* EN.app */ = {isa = PBXFileReference; explicitFileType = wrapper.application; includeInIndex = 0; path = EN.app; sourceTree = BUILT_PRODUCTS_DIR; };
		74D95D9C248638C100836229 /* AppDelegate.swift */ = {isa = PBXFileReference; lastKnownFileType = sourcecode.swift; path = AppDelegate.swift; sourceTree = "<group>"; };
		74D95DA5248638C500836229 /* Assets.xcassets */ = {isa = PBXFileReference; lastKnownFileType = folder.assetcatalog; path = Assets.xcassets; sourceTree = "<group>"; };
		74D95DA8248638C500836229 /* Base */ = {isa = PBXFileReference; lastKnownFileType = file.storyboard; name = Base; path = Base.lproj/LaunchScreen.storyboard; sourceTree = "<group>"; };
		74D95DAA248638C500836229 /* Info.plist */ = {isa = PBXFileReference; lastKnownFileType = text.plist.xml; path = Info.plist; sourceTree = "<group>"; };
		74D95DB824864F1B00836229 /* EN.entitlements */ = {isa = PBXFileReference; fileEncoding = 4; lastKnownFileType = text.plist.entitlements; path = EN.entitlements; sourceTree = "<group>"; };
		74D95DB92486505A00836229 /* README.md */ = {isa = PBXFileReference; fileEncoding = 4; lastKnownFileType = net.daringfireball.markdown; path = README.md; sourceTree = "<group>"; };
		74D95DBC248650EF00836229 /* Colors.xcassets */ = {isa = PBXFileReference; lastKnownFileType = folder.assetcatalog; path = Colors.xcassets; sourceTree = "<group>"; };
		74D95DBE2486519B00836229 /* UIColor+Theme.swift */ = {isa = PBXFileReference; lastKnownFileType = sourcecode.swift; path = "UIColor+Theme.swift"; sourceTree = "<group>"; };
		74D95DC02486577900836229 /* OnboardingStepViewController.swift */ = {isa = PBXFileReference; lastKnownFileType = sourcecode.swift; path = OnboardingStepViewController.swift; sourceTree = "<group>"; };
		74D95DC224865A0E00836229 /* Button.swift */ = {isa = PBXFileReference; lastKnownFileType = sourcecode.swift; path = Button.swift; sourceTree = "<group>"; };
		74D95DC424865AB000836229 /* Haptic.swift */ = {isa = PBXFileReference; lastKnownFileType = sourcecode.swift; path = Haptic.swift; sourceTree = "<group>"; };
		74D95DC624865B9900836229 /* OnboardingStep.swift */ = {isa = PBXFileReference; lastKnownFileType = sourcecode.swift; path = OnboardingStep.swift; sourceTree = "<group>"; };
		74D95DC824865DCC00836229 /* UIViewController+UINavigationController.swift */ = {isa = PBXFileReference; lastKnownFileType = sourcecode.swift; path = "UIViewController+UINavigationController.swift"; sourceTree = "<group>"; };
		74D95DCC248660C700836229 /* NSLocalizedString+Localized.swift */ = {isa = PBXFileReference; lastKnownFileType = sourcecode.swift; path = "NSLocalizedString+Localized.swift"; sourceTree = "<group>"; };
		74D95DCE2486618C00836229 /* NavigationController.swift */ = {isa = PBXFileReference; lastKnownFileType = sourcecode.swift; path = NavigationController.swift; sourceTree = "<group>"; };
		74D95DD2248668D300836229 /* en */ = {isa = PBXFileReference; lastKnownFileType = text.plist.strings; name = en; path = en.lproj/Localizable.strings; sourceTree = "<group>"; };
		74D95DD4248668D700836229 /* nl */ = {isa = PBXFileReference; lastKnownFileType = text.plist.strings; name = nl; path = nl.lproj/Localizable.strings; sourceTree = "<group>"; };
		74D95DD524866B9900836229 /* OnboardingManager.swift */ = {isa = PBXFileReference; lastKnownFileType = sourcecode.swift; path = OnboardingManager.swift; sourceTree = "<group>"; };
		74D95DDB2487C56100836229 /* ENUnitTests.xctest */ = {isa = PBXFileReference; explicitFileType = wrapper.cfbundle; includeInIndex = 0; path = ENUnitTests.xctest; sourceTree = BUILT_PRODUCTS_DIR; };
		74D95DDF2487C56100836229 /* Info.plist */ = {isa = PBXFileReference; lastKnownFileType = text.plist.xml; path = Info.plist; sourceTree = "<group>"; };
		D274221A248EBBBF006AB4E0 /* appcenter-post-clone.sh */ = {isa = PBXFileReference; lastKnownFileType = text.script.sh; path = "appcenter-post-clone.sh"; sourceTree = "<group>"; };
/* End PBXFileReference section */

/* Begin PBXFrameworksBuildPhase section */
		74D95D96248638C100836229 /* Frameworks */ = {
			isa = PBXFrameworksBuildPhase;
			buildActionMask = 2147483647;
			files = (
			);
			runOnlyForDeploymentPostprocessing = 0;
		};
		74D95DD82487C56100836229 /* Frameworks */ = {
			isa = PBXFrameworksBuildPhase;
			buildActionMask = 2147483647;
			files = (
			);
			runOnlyForDeploymentPostprocessing = 0;
		};
/* End PBXFrameworksBuildPhase section */

/* Begin PBXGroup section */
		03481490248BB26E00825A08 /* Root */ = {
			isa = PBXGroup;
			children = (
				036B8B5F248AB1230056F4D2 /* RootBuilder.swift */,
				034814A4248BBBD200825A08 /* RootRouter.swift */,
				036B8B61248AB19E0056F4D2 /* RootViewController.swift */,
			);
			path = Root;
			sourceTree = "<group>";
		};
		03481499248BB49500825A08 /* Steps */ = {
			isa = PBXGroup;
			children = (
				0348149C248BB4C500825A08 /* OnboardingStepBuilder.swift */,
				74D95DC02486577900836229 /* OnboardingStepViewController.swift */,
			);
			path = Steps;
			sourceTree = "<group>";
		};
		034814A6248BBE2A00825A08 /* Root */ = {
			isa = PBXGroup;
			children = (
				034814B0248D190100825A08 /* RootRouterTests.swift */,
				0345DBF9248F8C2300AEDAFE /* RootViewControllerTests.swift */,
			);
			path = Root;
			sourceTree = "<group>";
		};
		034814A7248BBE2F00825A08 /* Onboarding */ = {
			isa = PBXGroup;
			children = (
			);
			path = Onboarding;
			sourceTree = "<group>";
		};
		036B8B57248AB0A90056F4D2 /* UI */ = {
			isa = PBXGroup;
			children = (
				74D95DCE2486618C00836229 /* NavigationController.swift */,
				74D95DC224865A0E00836229 /* Button.swift */,
				036B8B65248AB5300056F4D2 /* View.swift */,
				036B8B9F248BADAA0056F4D2 /* ViewController.swift */,
			);
			path = UI;
			sourceTree = "<group>";
		};
		036B8B58248AB0B30056F4D2 /* Features */ = {
			isa = PBXGroup;
			children = (
				03481490248BB26E00825A08 /* Root */,
				036B8B59248AB0BB0056F4D2 /* Onboarding */,
				036B8B5B248AB0CA0056F4D2 /* Main */,
			);
			path = Features;
			sourceTree = "<group>";
		};
		036B8B59248AB0BB0056F4D2 /* Onboarding */ = {
			isa = PBXGroup;
			children = (
				03C4A47C248E62440005A522 /* Consent */,
				03481499248BB49500825A08 /* Steps */,
				03481491248BB27A00825A08 /* OnboardingBuilder.swift */,
				03C4A47A248E601B0005A522 /* OnboardingRouter.swift */,
				0348149A248BB4A100825A08 /* OnboardingViewController.swift */,
				74D95DB52486394000836229 /* Models */,
			);
			path = Onboarding;
			sourceTree = "<group>";
		};
		036B8B5B248AB0CA0056F4D2 /* Main */ = {
			isa = PBXGroup;
			children = (
				034814A0248BB91B00825A08 /* MainBuilder.swift */,
				034814A2248BB92100825A08 /* MainViewController.swift */,
			);
			path = Main;
			sourceTree = "<group>";
		};
		036B8B5D248AB0E50056F4D2 /* App */ = {
			isa = PBXGroup;
			children = (
				036B8B58248AB0B30056F4D2 /* Features */,
			);
			path = App;
			sourceTree = "<group>";
		};
		036B8B5E248AB0FF0056F4D2 /* Common */ = {
			isa = PBXGroup;
			children = (
				036B8B9E248BAD9E0056F4D2 /* Core */,
				74D95DB32486393000836229 /* Extensions */,
				036B8B57248AB0A90056F4D2 /* UI */,
			);
			path = Common;
			sourceTree = "<group>";
		};
		036B8B97248AB88C0056F4D2 /* App */ = {
			isa = PBXGroup;
			children = (
				036B8B98248AB8900056F4D2 /* Features */,
			);
			path = App;
			sourceTree = "<group>";
		};
		036B8B98248AB8900056F4D2 /* Features */ = {
			isa = PBXGroup;
			children = (
				034814A6248BBE2A00825A08 /* Root */,
				034814A7248BBE2F00825A08 /* Onboarding */,
			);
			path = Features;
			sourceTree = "<group>";
		};
		036B8B9E248BAD9E0056F4D2 /* Core */ = {
			isa = PBXGroup;
			children = (
				03481493248BB2D500825A08 /* Builder.swift */,
				034814A8248BBE7A00825A08 /* Router.swift */,
				03481495248BB2DA00825A08 /* Dependency.swift */,
				03481497248BB2E100825A08 /* DependencyProvider.swift */,
				0348149E248BB4F200825A08 /* ViewControllable.swift */,
			);
			path = Core;
			sourceTree = "<group>";
		};
		03C4A47C248E62440005A522 /* Consent */ = {
			isa = PBXGroup;
			children = (
				03C4A47D248E62570005A522 /* OnboardingConsentViewController.swift */,
				03C4A47E248E62570005A522 /* OnboardingConsentBuilder.swift */,
			);
			path = Consent;
			sourceTree = "<group>";
		};
		74D95D90248638C100836229 = {
			isa = PBXGroup;
			children = (
				034814AD248BC84200825A08 /* ARCHITECTURE.md */,
				74D95DB92486505A00836229 /* README.md */,
				D274221A248EBBBF006AB4E0 /* appcenter-post-clone.sh */,
				74D95D9B248638C100836229 /* EN */,
				74D95DDC2487C56100836229 /* ENUnitTests */,
				74D95D9A248638C100836229 /* Products */,
			);
			sourceTree = "<group>";
		};
		74D95D9A248638C100836229 /* Products */ = {
			isa = PBXGroup;
			children = (
				74D95D99248638C100836229 /* EN.app */,
				74D95DDB2487C56100836229 /* ENUnitTests.xctest */,
			);
			name = Products;
			sourceTree = "<group>";
		};
		74D95D9B248638C100836229 /* EN */ = {
			isa = PBXGroup;
			children = (
				74D95D9C248638C100836229 /* AppDelegate.swift */,
				036B8B67248AB6430056F4D2 /* SceneDelegate.swift */,
				036B8B5D248AB0E50056F4D2 /* App */,
				036B8B5E248AB0FF0056F4D2 /* Common */,
				74D95DB12486392300836229 /* Networking */,
				74D95DB62486394800836229 /* Resources */,
				74D95DB72486395000836229 /* Utilities */,
				74D95DB02486391B00836229 /* Views */,
			);
			path = EN;
			sourceTree = "<group>";
		};
		74D95DB02486391B00836229 /* Views */ = {
			isa = PBXGroup;
			children = (
			);
			path = Views;
			sourceTree = "<group>";
		};
		74D95DB12486392300836229 /* Networking */ = {
			isa = PBXGroup;
			children = (
			);
			path = Networking;
			sourceTree = "<group>";
		};
		74D95DB32486393000836229 /* Extensions */ = {
			isa = PBXGroup;
			children = (
				74D95DBE2486519B00836229 /* UIColor+Theme.swift */,
				74D95DC824865DCC00836229 /* UIViewController+UINavigationController.swift */,
				74D95DCC248660C700836229 /* NSLocalizedString+Localized.swift */,
			);
			path = Extensions;
			sourceTree = "<group>";
		};
		74D95DB52486394000836229 /* Models */ = {
			isa = PBXGroup;
			children = (
				74D95DC624865B9900836229 /* OnboardingStep.swift */,
				74D95DD524866B9900836229 /* OnboardingManager.swift */,
			);
			path = Models;
			sourceTree = "<group>";
		};
		74D95DB62486394800836229 /* Resources */ = {
			isa = PBXGroup;
			children = (
				74D95DB824864F1B00836229 /* EN.entitlements */,
				74D95DA5248638C500836229 /* Assets.xcassets */,
				74D95DBC248650EF00836229 /* Colors.xcassets */,
				74D95DA7248638C500836229 /* LaunchScreen.storyboard */,
				74D95DAA248638C500836229 /* Info.plist */,
				74D95DD3248668D300836229 /* Localizable.strings */,
			);
			path = Resources;
			sourceTree = "<group>";
		};
		74D95DB72486395000836229 /* Utilities */ = {
			isa = PBXGroup;
			children = (
				74D95DC424865AB000836229 /* Haptic.swift */,
			);
			path = Utilities;
			sourceTree = "<group>";
		};
		74D95DDC2487C56100836229 /* ENUnitTests */ = {
			isa = PBXGroup;
			children = (
				034814AA248BBF9A00825A08 /* Mocks.swift */,
				036B8B97248AB88C0056F4D2 /* App */,
				74D95DDF2487C56100836229 /* Info.plist */,
			);
			path = ENUnitTests;
			sourceTree = "<group>";
		};
/* End PBXGroup section */

/* Begin PBXNativeTarget section */
		74D95D98248638C100836229 /* EN */ = {
			isa = PBXNativeTarget;
			buildConfigurationList = 74D95DAD248638C500836229 /* Build configuration list for PBXNativeTarget "EN" */;
			buildPhases = (
				74D95D95248638C100836229 /* Sources */,
				74D95D96248638C100836229 /* Frameworks */,
				74D95D97248638C100836229 /* Resources */,
			);
			buildRules = (
			);
			dependencies = (
			);
			name = EN;
			packageProductDependencies = (
			);
			productName = EN;
			productReference = 74D95D99248638C100836229 /* EN.app */;
			productType = "com.apple.product-type.application";
		};
		74D95DDA2487C56100836229 /* ENUnitTests */ = {
			isa = PBXNativeTarget;
			buildConfigurationList = 74D95DE42487C56100836229 /* Build configuration list for PBXNativeTarget "ENUnitTests" */;
			buildPhases = (
				034814AC248BC0EC00825A08 /* ShellScript */,
				74D95DD72487C56100836229 /* Sources */,
				74D95DD82487C56100836229 /* Frameworks */,
				74D95DD92487C56100836229 /* Resources */,
			);
			buildRules = (
			);
			dependencies = (
				74D95DE12487C56100836229 /* PBXTargetDependency */,
			);
			name = ENUnitTests;
			productName = ENUnitTests;
			productReference = 74D95DDB2487C56100836229 /* ENUnitTests.xctest */;
			productType = "com.apple.product-type.bundle.unit-test";
		};
/* End PBXNativeTarget section */

/* Begin PBXProject section */
		74D95D91248638C100836229 /* Project object */ = {
			isa = PBXProject;
			attributes = {
				LastSwiftUpdateCheck = 1150;
				LastUpgradeCheck = 1150;
				ORGANIZATIONNAME = "Rob Mulder";
				TargetAttributes = {
					74D95D98248638C100836229 = {
						CreatedOnToolsVersion = 11.5;
					};
					74D95DDA2487C56100836229 = {
						CreatedOnToolsVersion = 11.5;
						TestTargetID = 74D95D98248638C100836229;
					};
				};
			};
			buildConfigurationList = 74D95D94248638C100836229 /* Build configuration list for PBXProject "EN" */;
			compatibilityVersion = "Xcode 9.3";
			developmentRegion = en;
			hasScannedForEncodings = 0;
			knownRegions = (
				en,
				Base,
				nl,
			);
			mainGroup = 74D95D90248638C100836229;
			packageReferences = (
			);
			productRefGroup = 74D95D9A248638C100836229 /* Products */;
			projectDirPath = "";
			projectRoot = "";
			targets = (
				74D95D98248638C100836229 /* EN */,
				74D95DDA2487C56100836229 /* ENUnitTests */,
			);
		};
/* End PBXProject section */

/* Begin PBXResourcesBuildPhase section */
		74D95D97248638C100836229 /* Resources */ = {
			isa = PBXResourcesBuildPhase;
			buildActionMask = 2147483647;
			files = (
				74D95DD1248668D300836229 /* Localizable.strings in Resources */,
				74D95DBA2486505A00836229 /* README.md in Resources */,
				74D95DBD248650EF00836229 /* Colors.xcassets in Resources */,
				74D95DA9248638C500836229 /* LaunchScreen.storyboard in Resources */,
				D274221B248EBBBF006AB4E0 /* appcenter-post-clone.sh in Resources */,
				74D95DA6248638C500836229 /* Assets.xcassets in Resources */,
			);
			runOnlyForDeploymentPostprocessing = 0;
		};
		74D95DD92487C56100836229 /* Resources */ = {
			isa = PBXResourcesBuildPhase;
			buildActionMask = 2147483647;
			files = (
				74D95DE62487E7B700836229 /* Localizable.strings in Resources */,
			);
			runOnlyForDeploymentPostprocessing = 0;
		};
/* End PBXResourcesBuildPhase section */

/* Begin PBXShellScriptBuildPhase section */
		034814AC248BC0EC00825A08 /* ShellScript */ = {
			isa = PBXShellScriptBuildPhase;
			buildActionMask = 2147483647;
			files = (
			);
			inputFileListPaths = (
			);
			inputPaths = (
			);
			outputFileListPaths = (
			);
			outputPaths = (
			);
			runOnlyForDeploymentPostprocessing = 0;
			shellPath = /bin/sh;
			shellScript = "MOCKOLO_PATH=\"/usr/local/bin/mockolo\"\nREPO_ROOT=`git rev-parse --show-toplevel`\n\nif [[ ! -f \"${MOCKOLO_PATH}\" ]]; then\n    echo \"Unit tests rely on mock generation using Mockolo. Please run 'brew install mockolo' before continuing\"\n    exit 1\nfi\n\nSRC=\"${REPO_ROOT}/EN\"\nDEST=\"${REPO_ROOT}/ENUnitTests/Mocks.swift\"\n\n\"${MOCKOLO_PATH}\" -s \"${SRC}\" -d \"${DEST}\" -x Images Strings -i EN\n\n";
		};
/* End PBXShellScriptBuildPhase section */

/* Begin PBXSourcesBuildPhase section */
		74D95D95248638C100836229 /* Sources */ = {
			isa = PBXSourcesBuildPhase;
			buildActionMask = 2147483647;
			files = (
				74D95DC524865AB000836229 /* Haptic.swift in Sources */,
				034814A5248BBBD200825A08 /* RootRouter.swift in Sources */,
				74D95DC324865A0E00836229 /* Button.swift in Sources */,
				74D95DBF2486519B00836229 /* UIColor+Theme.swift in Sources */,
				74D95DC924865DCC00836229 /* UIViewController+UINavigationController.swift in Sources */,
				03C4A480248E62570005A522 /* OnboardingConsentBuilder.swift in Sources */,
				0348149D248BB4C500825A08 /* OnboardingStepBuilder.swift in Sources */,
				036B8B68248AB6430056F4D2 /* SceneDelegate.swift in Sources */,
				034814A1248BB91B00825A08 /* MainBuilder.swift in Sources */,
				74D95D9D248638C100836229 /* AppDelegate.swift in Sources */,
				74D95DD624866B9900836229 /* OnboardingManager.swift in Sources */,
				03C4A47B248E601B0005A522 /* OnboardingRouter.swift in Sources */,
				0348149B248BB4A100825A08 /* OnboardingViewController.swift in Sources */,
				03481494248BB2D500825A08 /* Builder.swift in Sources */,
				034814A9248BBE7A00825A08 /* Router.swift in Sources */,
				036B8B60248AB1230056F4D2 /* RootBuilder.swift in Sources */,
				74D95DC724865B9900836229 /* OnboardingStep.swift in Sources */,
				03481498248BB2E100825A08 /* DependencyProvider.swift in Sources */,
				74D95DCF2486618C00836229 /* NavigationController.swift in Sources */,
				034814A3248BB92100825A08 /* MainViewController.swift in Sources */,
				036B8B62248AB19E0056F4D2 /* RootViewController.swift in Sources */,
				03C4A47F248E62570005A522 /* OnboardingConsentViewController.swift in Sources */,
				03481496248BB2DA00825A08 /* Dependency.swift in Sources */,
				74D95DCD248660C700836229 /* NSLocalizedString+Localized.swift in Sources */,
				0348149F248BB4F200825A08 /* ViewControllable.swift in Sources */,
				03481492248BB27A00825A08 /* OnboardingBuilder.swift in Sources */,
				036B8B66248AB5300056F4D2 /* View.swift in Sources */,
				036B8BA0248BADAA0056F4D2 /* ViewController.swift in Sources */,
				74D95DC12486577A00836229 /* OnboardingStepViewController.swift in Sources */,
			);
			runOnlyForDeploymentPostprocessing = 0;
		};
		74D95DD72487C56100836229 /* Sources */ = {
			isa = PBXSourcesBuildPhase;
			buildActionMask = 2147483647;
			files = (
				74D95DE92487E9DA00836229 /* UIColor+Theme.swift in Sources */,
				74D95DE52487E7B300836229 /* OnboardingManager.swift in Sources */,
				74D95DE72487E7E500836229 /* NSLocalizedString+Localized.swift in Sources */,
				0345DBFA248F8C2300AEDAFE /* RootViewControllerTests.swift in Sources */,
				034814AB248BBF9A00825A08 /* Mocks.swift in Sources */,
				034814B1248D190100825A08 /* RootRouterTests.swift in Sources */,
				74D95DE82487E90D00836229 /* OnboardingStep.swift in Sources */,
			);
			runOnlyForDeploymentPostprocessing = 0;
		};
/* End PBXSourcesBuildPhase section */

/* Begin PBXTargetDependency section */
		74D95DE12487C56100836229 /* PBXTargetDependency */ = {
			isa = PBXTargetDependency;
			target = 74D95D98248638C100836229 /* EN */;
			targetProxy = 74D95DE02487C56100836229 /* PBXContainerItemProxy */;
		};
/* End PBXTargetDependency section */

/* Begin PBXVariantGroup section */
		74D95DA7248638C500836229 /* LaunchScreen.storyboard */ = {
			isa = PBXVariantGroup;
			children = (
				74D95DA8248638C500836229 /* Base */,
			);
			name = LaunchScreen.storyboard;
			sourceTree = "<group>";
		};
		74D95DD3248668D300836229 /* Localizable.strings */ = {
			isa = PBXVariantGroup;
			children = (
				74D95DD2248668D300836229 /* en */,
				74D95DD4248668D700836229 /* nl */,
			);
			name = Localizable.strings;
			sourceTree = "<group>";
		};
/* End PBXVariantGroup section */

/* Begin XCBuildConfiguration section */
		74D95DAB248638C500836229 /* Debug */ = {
			isa = XCBuildConfiguration;
			buildSettings = {
				ALWAYS_SEARCH_USER_PATHS = NO;
				CLANG_ANALYZER_LOCALIZABILITY_NONLOCALIZED = YES;
				CLANG_ANALYZER_NONNULL = YES;
				CLANG_ANALYZER_NUMBER_OBJECT_CONVERSION = YES_AGGRESSIVE;
				CLANG_CXX_LANGUAGE_STANDARD = "gnu++14";
				CLANG_CXX_LIBRARY = "libc++";
				CLANG_ENABLE_MODULES = YES;
				CLANG_ENABLE_OBJC_ARC = YES;
				CLANG_ENABLE_OBJC_WEAK = YES;
				CLANG_WARN_BLOCK_CAPTURE_AUTORELEASING = YES;
				CLANG_WARN_BOOL_CONVERSION = YES;
				CLANG_WARN_COMMA = YES;
				CLANG_WARN_CONSTANT_CONVERSION = YES;
				CLANG_WARN_DEPRECATED_OBJC_IMPLEMENTATIONS = YES;
				CLANG_WARN_DIRECT_OBJC_ISA_USAGE = YES_ERROR;
				CLANG_WARN_DOCUMENTATION_COMMENTS = YES;
				CLANG_WARN_EMPTY_BODY = YES;
				CLANG_WARN_ENUM_CONVERSION = YES;
				CLANG_WARN_INFINITE_RECURSION = YES;
				CLANG_WARN_INT_CONVERSION = YES;
				CLANG_WARN_NON_LITERAL_NULL_CONVERSION = YES;
				CLANG_WARN_OBJC_IMPLICIT_RETAIN_SELF = YES;
				CLANG_WARN_OBJC_LITERAL_CONVERSION = YES;
				CLANG_WARN_OBJC_ROOT_CLASS = YES_ERROR;
				CLANG_WARN_RANGE_LOOP_ANALYSIS = YES;
				CLANG_WARN_STRICT_PROTOTYPES = YES;
				CLANG_WARN_SUSPICIOUS_MOVE = YES;
				CLANG_WARN_UNGUARDED_AVAILABILITY = YES_AGGRESSIVE;
				CLANG_WARN_UNREACHABLE_CODE = YES;
				CLANG_WARN__DUPLICATE_METHOD_MATCH = YES;
				COPY_PHASE_STRIP = NO;
				DEBUG_INFORMATION_FORMAT = dwarf;
				ENABLE_STRICT_OBJC_MSGSEND = YES;
				ENABLE_TESTABILITY = YES;
				GCC_C_LANGUAGE_STANDARD = gnu11;
				GCC_DYNAMIC_NO_PIC = NO;
				GCC_NO_COMMON_BLOCKS = YES;
				GCC_OPTIMIZATION_LEVEL = 0;
				GCC_PREPROCESSOR_DEFINITIONS = (
					"DEBUG=1",
					"$(inherited)",
				);
				GCC_WARN_64_TO_32_BIT_CONVERSION = YES;
				GCC_WARN_ABOUT_RETURN_TYPE = YES_ERROR;
				GCC_WARN_UNDECLARED_SELECTOR = YES;
				GCC_WARN_UNINITIALIZED_AUTOS = YES_AGGRESSIVE;
				GCC_WARN_UNUSED_FUNCTION = YES;
				GCC_WARN_UNUSED_VARIABLE = YES;
				IPHONEOS_DEPLOYMENT_TARGET = 13.0;
				MTL_ENABLE_DEBUG_INFO = INCLUDE_SOURCE;
				MTL_FAST_MATH = YES;
				ONLY_ACTIVE_ARCH = YES;
				SDKROOT = iphoneos;
				SWIFT_ACTIVE_COMPILATION_CONDITIONS = DEBUG;
				SWIFT_OPTIMIZATION_LEVEL = "-Onone";
			};
			name = Debug;
		};
		74D95DAC248638C500836229 /* Release */ = {
			isa = XCBuildConfiguration;
			buildSettings = {
				ALWAYS_SEARCH_USER_PATHS = NO;
				CLANG_ANALYZER_LOCALIZABILITY_NONLOCALIZED = YES;
				CLANG_ANALYZER_NONNULL = YES;
				CLANG_ANALYZER_NUMBER_OBJECT_CONVERSION = YES_AGGRESSIVE;
				CLANG_CXX_LANGUAGE_STANDARD = "gnu++14";
				CLANG_CXX_LIBRARY = "libc++";
				CLANG_ENABLE_MODULES = YES;
				CLANG_ENABLE_OBJC_ARC = YES;
				CLANG_ENABLE_OBJC_WEAK = YES;
				CLANG_WARN_BLOCK_CAPTURE_AUTORELEASING = YES;
				CLANG_WARN_BOOL_CONVERSION = YES;
				CLANG_WARN_COMMA = YES;
				CLANG_WARN_CONSTANT_CONVERSION = YES;
				CLANG_WARN_DEPRECATED_OBJC_IMPLEMENTATIONS = YES;
				CLANG_WARN_DIRECT_OBJC_ISA_USAGE = YES_ERROR;
				CLANG_WARN_DOCUMENTATION_COMMENTS = YES;
				CLANG_WARN_EMPTY_BODY = YES;
				CLANG_WARN_ENUM_CONVERSION = YES;
				CLANG_WARN_INFINITE_RECURSION = YES;
				CLANG_WARN_INT_CONVERSION = YES;
				CLANG_WARN_NON_LITERAL_NULL_CONVERSION = YES;
				CLANG_WARN_OBJC_IMPLICIT_RETAIN_SELF = YES;
				CLANG_WARN_OBJC_LITERAL_CONVERSION = YES;
				CLANG_WARN_OBJC_ROOT_CLASS = YES_ERROR;
				CLANG_WARN_RANGE_LOOP_ANALYSIS = YES;
				CLANG_WARN_STRICT_PROTOTYPES = YES;
				CLANG_WARN_SUSPICIOUS_MOVE = YES;
				CLANG_WARN_UNGUARDED_AVAILABILITY = YES_AGGRESSIVE;
				CLANG_WARN_UNREACHABLE_CODE = YES;
				CLANG_WARN__DUPLICATE_METHOD_MATCH = YES;
				COPY_PHASE_STRIP = NO;
				DEBUG_INFORMATION_FORMAT = "dwarf-with-dsym";
				ENABLE_NS_ASSERTIONS = NO;
				ENABLE_STRICT_OBJC_MSGSEND = YES;
				GCC_C_LANGUAGE_STANDARD = gnu11;
				GCC_NO_COMMON_BLOCKS = YES;
				GCC_WARN_64_TO_32_BIT_CONVERSION = YES;
				GCC_WARN_ABOUT_RETURN_TYPE = YES_ERROR;
				GCC_WARN_UNDECLARED_SELECTOR = YES;
				GCC_WARN_UNINITIALIZED_AUTOS = YES_AGGRESSIVE;
				GCC_WARN_UNUSED_FUNCTION = YES;
				GCC_WARN_UNUSED_VARIABLE = YES;
				IPHONEOS_DEPLOYMENT_TARGET = 13.0;
				MTL_ENABLE_DEBUG_INFO = NO;
				MTL_FAST_MATH = YES;
				SDKROOT = iphoneos;
				SWIFT_COMPILATION_MODE = wholemodule;
				SWIFT_OPTIMIZATION_LEVEL = "-O";
				VALIDATE_PRODUCT = YES;
			};
			name = Release;
		};
		74D95DAE248638C500836229 /* Debug */ = {
			isa = XCBuildConfiguration;
			buildSettings = {
				ASSETCATALOG_COMPILER_APPICON_NAME = AppIcon;
				CODE_SIGN_STYLE = Automatic;
				DEVELOPMENT_TEAM = C2H38GV99H;
				INFOPLIST_FILE = EN/Resources/Info.plist;
				LD_RUNPATH_SEARCH_PATHS = (
					"$(inherited)",
					"@executable_path/Frameworks",
				);
				PRODUCT_BUNDLE_IDENTIFIER = nl.rijksoverheid.en;
				PRODUCT_NAME = "$(TARGET_NAME)";
				SWIFT_VERSION = 5.0;
				TARGETED_DEVICE_FAMILY = "1,2";
			};
			name = Debug;
		};
		74D95DAF248638C500836229 /* Release */ = {
			isa = XCBuildConfiguration;
			buildSettings = {
				ASSETCATALOG_COMPILER_APPICON_NAME = AppIcon;
				CODE_SIGN_STYLE = Automatic;
				DEVELOPMENT_TEAM = C2H38GV99H;
				INFOPLIST_FILE = EN/Resources/Info.plist;
				LD_RUNPATH_SEARCH_PATHS = (
					"$(inherited)",
					"@executable_path/Frameworks",
				);
				PRODUCT_BUNDLE_IDENTIFIER = nl.rijksoverheid.en;
				PRODUCT_NAME = "$(TARGET_NAME)";
				SWIFT_VERSION = 5.0;
				TARGETED_DEVICE_FAMILY = "1,2";
			};
			name = Release;
		};
		74D95DE22487C56100836229 /* Debug */ = {
			isa = XCBuildConfiguration;
			buildSettings = {
				BUNDLE_LOADER = "$(TEST_HOST)";
				CODE_SIGN_STYLE = Automatic;
				DEVELOPMENT_TEAM = C2H38GV99H;
				INFOPLIST_FILE = ENUnitTests/Info.plist;
				IPHONEOS_DEPLOYMENT_TARGET = 13.5;
				LD_RUNPATH_SEARCH_PATHS = (
					"$(inherited)",
					"@executable_path/Frameworks",
					"@loader_path/Frameworks",
				);
				PRODUCT_BUNDLE_IDENTIFIER = nl.rijksoverheid.ENUnitTests;
				PRODUCT_NAME = "$(TARGET_NAME)";
				SWIFT_VERSION = 5.0;
				TARGETED_DEVICE_FAMILY = "1,2";
				TEST_HOST = "$(BUILT_PRODUCTS_DIR)/EN.app/EN";
			};
			name = Debug;
		};
		74D95DE32487C56100836229 /* Release */ = {
			isa = XCBuildConfiguration;
			buildSettings = {
				BUNDLE_LOADER = "$(TEST_HOST)";
				CODE_SIGN_STYLE = Automatic;
				DEVELOPMENT_TEAM = C2H38GV99H;
				INFOPLIST_FILE = ENUnitTests/Info.plist;
				IPHONEOS_DEPLOYMENT_TARGET = 13.5;
				LD_RUNPATH_SEARCH_PATHS = (
					"$(inherited)",
					"@executable_path/Frameworks",
					"@loader_path/Frameworks",
				);
				PRODUCT_BUNDLE_IDENTIFIER = nl.rijksoverheid.ENUnitTests;
				PRODUCT_NAME = "$(TARGET_NAME)";
				SWIFT_VERSION = 5.0;
				TARGETED_DEVICE_FAMILY = "1,2";
				TEST_HOST = "$(BUILT_PRODUCTS_DIR)/EN.app/EN";
			};
			name = Release;
		};
/* End XCBuildConfiguration section */

/* Begin XCConfigurationList section */
		74D95D94248638C100836229 /* Build configuration list for PBXProject "EN" */ = {
			isa = XCConfigurationList;
			buildConfigurations = (
				74D95DAB248638C500836229 /* Debug */,
				74D95DAC248638C500836229 /* Release */,
			);
			defaultConfigurationIsVisible = 0;
			defaultConfigurationName = Release;
		};
		74D95DAD248638C500836229 /* Build configuration list for PBXNativeTarget "EN" */ = {
			isa = XCConfigurationList;
			buildConfigurations = (
				74D95DAE248638C500836229 /* Debug */,
				74D95DAF248638C500836229 /* Release */,
			);
			defaultConfigurationIsVisible = 0;
			defaultConfigurationName = Release;
		};
		74D95DE42487C56100836229 /* Build configuration list for PBXNativeTarget "ENUnitTests" */ = {
			isa = XCConfigurationList;
			buildConfigurations = (
				74D95DE22487C56100836229 /* Debug */,
				74D95DE32487C56100836229 /* Release */,
			);
			defaultConfigurationIsVisible = 0;
			defaultConfigurationName = Release;
		};
/* End XCConfigurationList section */
	};
	rootObject = 74D95D91248638C100836229 /* Project object */;
}
